
Microsoft Visual Studio Solution File, Format Version 12.00
# Visual Studio Version 17
VisualStudioVersion = 17.13.35919.96 d17.13
MinimumVisualStudioVersion = 10.0.40219.1
Project("{FAE04EC0-301F-11D3-BF4B-00C04F79EFBC}") = "Appointment", "Appointment\Appointment.csproj", "{B94A264E-6558-4DB7-991C-388C4E9108A0}"
EndProject
Global
	GlobalSection(SolutionConfigurationPlatforms) = preSolution
		Debug|Any CPU = Debug|Any CPU
		Release|Any CPU = Release|Any CPU
	EndGlobalSection
	GlobalSection(ProjectConfigurationPlatforms) = postSolution
		{B94A264E-6558-4DB7-991C-388C4E9108A0}.Debug|Any CPU.ActiveCfg = Debug|Any CPU
		{B94A264E-6558-4DB7-991C-388C4E9108A0}.Debug|Any CPU.Build.0 = Debug|Any CPU
		{B94A264E-6558-4DB7-991C-388C4E9108A0}.Release|Any CPU.ActiveCfg = Release|Any CPU
		{B94A264E-6558-4DB7-991C-388C4E9108A0}.Release|Any CPU.Build.0 = Release|Any CPU
	EndGlobalSection
	GlobalSection(SolutionProperties) = preSolution
		HideSolutionNode = FALSE
	EndGlobalSection
	GlobalSection(ExtensibilityGlobals) = postSolution
		SolutionGuid = {657CB9BA-13F7-43C5-A0F8-7D4957E353C1}
	EndGlobalSection
EndGlobal
